
Microsoft Visual Studio Solution File, Format Version 12.00
# Visual Studio Version 17
VisualStudioVersion = 17.4.33122.133
MinimumVisualStudioVersion = 10.0.40219.1
Project("{FAE04EC0-301F-11D3-BF4B-00C04F79EFBC}") = "DistanceTraveled", "DistanceTraveled\DistanceTraveled.csproj", "{D6D2BEAC-4D1A-42FB-8B5B-143577ECD85D}"
EndProject
Global
	GlobalSection(SolutionConfigurationPlatforms) = preSolution
		Debug|Any CPU = Debug|Any CPU
		Release|Any CPU = Release|Any CPU
	EndGlobalSection
	GlobalSection(ProjectConfigurationPlatforms) = postSolution
		{D6D2BEAC-4D1A-42FB-8B5B-143577ECD85D}.Debug|Any CPU.ActiveCfg = Debug|Any CPU
		{D6D2BEAC-4D1A-42FB-8B5B-143577ECD85D}.Debug|Any CPU.Build.0 = Debug|Any CPU
		{D6D2BEAC-4D1A-42FB-8B5B-143577ECD85D}.Release|Any CPU.ActiveCfg = Release|Any CPU
		{D6D2BEAC-4D1A-42FB-8B5B-143577ECD85D}.Release|Any CPU.Build.0 = Release|Any CPU
	EndGlobalSection
	GlobalSection(SolutionProperties) = preSolution
		HideSolutionNode = FALSE
	EndGlobalSection
	GlobalSection(ExtensibilityGlobals) = postSolution
		SolutionGuid = {0FF9FBDE-3E11-46E1-B624-B7BE9A8B24FB}
	EndGlobalSection
EndGlobal
