
Microsoft Visual Studio Solution File, Format Version 12.00
# Visual Studio Version 17
VisualStudioVersion = 17.4.33122.133
MinimumVisualStudioVersion = 10.0.40219.1
Project("{9A19103F-16F7-4668-BE54-9A1E7A4F7556}") = "Home", "Home\Home.csproj", "{5FF98FBC-C823-45E6-B79A-12A5AD61A33D}"
EndProject
Global
	GlobalSection(SolutionConfigurationPlatforms) = preSolution
		Debug|Any CPU = Debug|Any CPU
		Release|Any CPU = Release|Any CPU
	EndGlobalSection
	GlobalSection(ProjectConfigurationPlatforms) = postSolution
		{5FF98FBC-C823-45E6-B79A-12A5AD61A33D}.Debug|Any CPU.ActiveCfg = Debug|Any CPU
		{5FF98FBC-C823-45E6-B79A-12A5AD61A33D}.Debug|Any CPU.Build.0 = Debug|Any CPU
		{5FF98FBC-C823-45E6-B79A-12A5AD61A33D}.Release|Any CPU.ActiveCfg = Release|Any CPU
		{5FF98FBC-C823-45E6-B79A-12A5AD61A33D}.Release|Any CPU.Build.0 = Release|Any CPU
	EndGlobalSection
	GlobalSection(SolutionProperties) = preSolution
		HideSolutionNode = FALSE
	EndGlobalSection
	GlobalSection(ExtensibilityGlobals) = postSolution
		SolutionGuid = {B6FB67F3-A58D-4201-A7D1-5AF787A8FC1C}
	EndGlobalSection
EndGlobal
